
Microsoft Visual Studio Solution File, Format Version 12.00
# Visual Studio Version 17
VisualStudioVersion = 17.10.35027.167
MinimumVisualStudioVersion = 10.0.40219.1
Project("{9A19103F-16F7-4668-BE54-9A1E7A4F7556}") = "Workify.Api", "src\Workify.Api\Workify.Api.csproj", "{585AC451-F060-4344-8963-3176E7D1AC35}"
EndProject
Project("{9A19103F-16F7-4668-BE54-9A1E7A4F7556}") = "Workify.Core", "src\Workify.Core\Workify.Core.csproj", "{D7C8C7EF-43FD-4E10-83BF-3DB7CBCE6CC2}"
EndProject
Project("{9A19103F-16F7-4668-BE54-9A1E7A4F7556}") = "Workify.Test", "test\Workify.Test\Workify.Test.csproj", "{8BA00FBE-EF62-42C6-8270-89ADC1D85816}"
EndProject
Project("{9A19103F-16F7-4668-BE54-9A1E7A4F7556}") = "Workify.Application", "src\Workify.Application\Workify.Application.csproj", "{A46C7E44-695E-4F2B-87FC-501B33C95BF3}"
EndProject
Project("{9A19103F-16F7-4668-BE54-9A1E7A4F7556}") = "Workify.Infrastructure", "src\Workify.Infrastructure\Workify.Infrastructure.csproj", "{6BA780EB-3E24-4803-BAC3-21D464C1A4AE}"
EndProject
Global
	GlobalSection(SolutionConfigurationPlatforms) = preSolution
		Debug|Any CPU = Debug|Any CPU
		Release|Any CPU = Release|Any CPU
	EndGlobalSection
	GlobalSection(ProjectConfigurationPlatforms) = postSolution
		{585AC451-F060-4344-8963-3176E7D1AC35}.Debug|Any CPU.ActiveCfg = Debug|Any CPU
		{585AC451-F060-4344-8963-3176E7D1AC35}.Debug|Any CPU.Build.0 = Debug|Any CPU
		{585AC451-F060-4344-8963-3176E7D1AC35}.Release|Any CPU.ActiveCfg = Release|Any CPU
		{585AC451-F060-4344-8963-3176E7D1AC35}.Release|Any CPU.Build.0 = Release|Any CPU
		{D7C8C7EF-43FD-4E10-83BF-3DB7CBCE6CC2}.Debug|Any CPU.ActiveCfg = Debug|Any CPU
		{D7C8C7EF-43FD-4E10-83BF-3DB7CBCE6CC2}.Debug|Any CPU.Build.0 = Debug|Any CPU
		{D7C8C7EF-43FD-4E10-83BF-3DB7CBCE6CC2}.Release|Any CPU.ActiveCfg = Release|Any CPU
		{D7C8C7EF-43FD-4E10-83BF-3DB7CBCE6CC2}.Release|Any CPU.Build.0 = Release|Any CPU
		{8BA00FBE-EF62-42C6-8270-89ADC1D85816}.Debug|Any CPU.ActiveCfg = Debug|Any CPU
		{8BA00FBE-EF62-42C6-8270-89ADC1D85816}.Debug|Any CPU.Build.0 = Debug|Any CPU
		{8BA00FBE-EF62-42C6-8270-89ADC1D85816}.Release|Any CPU.ActiveCfg = Release|Any CPU
		{8BA00FBE-EF62-42C6-8270-89ADC1D85816}.Release|Any CPU.Build.0 = Release|Any CPU
		{A46C7E44-695E-4F2B-87FC-501B33C95BF3}.Debug|Any CPU.ActiveCfg = Debug|Any CPU
		{A46C7E44-695E-4F2B-87FC-501B33C95BF3}.Debug|Any CPU.Build.0 = Debug|Any CPU
		{A46C7E44-695E-4F2B-87FC-501B33C95BF3}.Release|Any CPU.ActiveCfg = Release|Any CPU
		{A46C7E44-695E-4F2B-87FC-501B33C95BF3}.Release|Any CPU.Build.0 = Release|Any CPU
		{6BA780EB-3E24-4803-BAC3-21D464C1A4AE}.Debug|Any CPU.ActiveCfg = Debug|Any CPU
		{6BA780EB-3E24-4803-BAC3-21D464C1A4AE}.Debug|Any CPU.Build.0 = Debug|Any CPU
		{6BA780EB-3E24-4803-BAC3-21D464C1A4AE}.Release|Any CPU.ActiveCfg = Release|Any CPU
		{6BA780EB-3E24-4803-BAC3-21D464C1A4AE}.Release|Any CPU.Build.0 = Release|Any CPU
	EndGlobalSection
	GlobalSection(SolutionProperties) = preSolution
		HideSolutionNode = FALSE
	EndGlobalSection
	GlobalSection(ExtensibilityGlobals) = postSolution
		SolutionGuid = {8F9029C0-5D39-4063-A1A6-4B21FA483081}
	EndGlobalSection
EndGlobal
